<Solution>
  <Project Path="DreamAnalyzer2.Application/DreamAnalyzer2.Application.csproj" />
  <Project Path="dreamanalyzer2.client/dreamanalyzer2.client.esproj">
    <Build />
    <Deploy />
  </Project>
  <Project Path="DreamAnalyzer2.Domain/DreamAnalyzer2.Domain.csproj" />
  <Project Path="DreamAnalyzer2.Infrastructure/DreamAnalyzer2.Infrastructure.csproj" />
  <Project Path="DreamAnalyzer2.Server/DreamAnalyzer2.Server.csproj" />
  <Project Path="DreamAnalyzer2.Shared/DreamAnalyzer2.Shared.csproj" Id="a869929d-7b70-4fc2-95f5-3c974abc84eb" />
  <Project Path="DreamAnalyzer2.Tests/DreamAnalyzer2.Tests.csproj" Id="1988e1ce-0cb5-497e-82b6-e0228a79c23e" />
</Solution>
